Microsoft Visual Studio Solution File, Format Version 12.00
# Visual Studio Version 17
VisualStudioVersion = 17.2.32210.308
MinimumVisualStudioVersion = 15.0.26124.0

Project("{2150E333-8FDC-42A3-9474-1A3956D46DE8}") = "Source", "Source", "{4902FF03-CC66-46E5-A784-B21CDFEDAD13}"
EndProject
Project("{2150E333-8FDC-42A3-9474-1A3956D46DE8}") = "Platforms", "Platforms", "{8B8E41D4-4738-49A9-8271-CA6B8D08C8DE}"
EndProject
Project("{2150E333-8FDC-42A3-9474-1A3956D46DE8}") = "Backend", "Backend", "{1E310D20-82BB-40C8-A7EC-CA05D4CB9AD5}"
EndProject
Project("{2150E333-8FDC-42A3-9474-1A3956D46DE8}") = "Tests", "Tests", "{6428347F-507C-434D-807B-09B8380740D8}"
EndProject

Project("{9A19103F-16F7-4668-BE54-9A1E7A4F7556}") = "NombreDelProyecto", "NombreDelProyecto\NombreDelProyecto.csproj", "{B5781015-C081-47FD-B279-1378BD169AE0}"
EndProject
Project("{9A19103F-16F7-4668-BE54-9A1E7A4F7556}") = "NombreDelProyecto.Shared", "NombreDelProyecto.Shared\NombreDelProyecto.Shared.csproj", "{2189102C-8698-4760-A2C5-ADED686F84E2}"
EndProject
Project("{9A19103F-16F7-4668-BE54-9A1E7A4F7556}") = "NombreDelProyecto.Mobile", "NombreDelProyecto.Mobile\NombreDelProyecto.Mobile.csproj", "{B0DBBC2E-8B56-4871-ABB5-6C83F7140E8E}"
EndProject
Project("{9A19103F-16F7-4668-BE54-9A1E7A4F7556}") = "NombreDelProyecto.Wasm", "NombreDelProyecto.Wasm\NombreDelProyecto.Wasm.csproj", "{8BC5B09B-C17B-4498-8545-C0527F163FCA}"
EndProject
Project("{9A19103F-16F7-4668-BE54-9A1E7A4F7556}") = "NombreDelProyecto.Skia.Gtk", "NombreDelProyecto.Skia.Gtk\NombreDelProyecto.Skia.Gtk.csproj", "{2ECB0602-EAB1-4306-9E31-DA94C5231113}"
EndProject
Project("{9A19103F-16F7-4668-BE54-9A1E7A4F7556}") = "NombreDelProyecto.Windows", "NombreDelProyecto.Windows\NombreDelProyecto.Windows.csproj", "{13D1C420-7A7B-42D2-A786-6C6E6C6E7533}"
EndProject
Project("{9A19103F-16F7-4668-BE54-9A1E7A4F7556}") = "NombreDelProyecto.Server", "NombreDelProyecto.Server\NombreDelProyecto.Server.csproj", "{FB38956E-10C4-4BC0-BDFC-CAB8E569F2BB}"
EndProject
Project("{9A19103F-16F7-4668-BE54-9A1E7A4F7556}") = "NombreDelProyecto.DataContracts", "NombreDelProyecto.DataContracts\NombreDelProyecto.DataContracts.csproj", "{8911D88A-AC36-4249-BC7B-1351D63B9927}"
EndProject
Project("{9A19103F-16F7-4668-BE54-9A1E7A4F7556}") = "NombreDelProyecto.Tests", "NombreDelProyecto.Tests\NombreDelProyecto.Tests.csproj", "{4E9012D5-5704-47B3-9BFE-AA5B2448DEA9}"
EndProject
Project("{9A19103F-16F7-4668-BE54-9A1E7A4F7556}") = "NombreDelProyecto.UITests", "NombreDelProyecto.UITests\NombreDelProyecto.UITests.csproj", "{F39ED8BD-4694-416D-8E1F-EB3A15C86417}"
EndProject

Project("{2150E333-8FDC-42A3-9474-1A3956D46DE8}") = "Solution Items", "Solution Items", "{BADA71DC-7FFD-4EDC-9F28-FB74AEADC713}"
	ProjectSection(SolutionItems) = preProject
		.gitignore = .gitignore
		Directory.Build.props = Directory.Build.props
		Directory.Build.targets = Directory.Build.targets
		solution-config.props.sample = solution-config.props.sample
		Directory.Packages.props = Directory.Packages.props
	EndProjectSection
EndProject
Global
	GlobalSection(SolutionConfigurationPlatforms) = preSolution
		Debug|Any CPU = Debug|Any CPU
		Debug|ARM = Debug|ARM
		Debug|ARM64 = Debug|ARM64
		Debug|iPhone = Debug|iPhone
		Debug|iPhoneSimulator = Debug|iPhoneSimulator
		Debug|x64 = Debug|x64
		Debug|x86 = Debug|x86
		Release|Any CPU = Release|Any CPU
		Release|ARM = Release|ARM
		Release|ARM64 = Release|ARM64
		Release|iPhone = Release|iPhone
		Release|iPhoneSimulator = Release|iPhoneSimulator
		Release|x64 = Release|x64
		Release|x86 = Release|x86
	EndGlobalSection
	GlobalSection(ProjectConfigurationPlatforms) = postSolution
		{B0DBBC2E-8B56-4871-ABB5-6C83F7140E8E}.Debug|Any CPU.ActiveCfg = Debug|Any CPU
		{B0DBBC2E-8B56-4871-ABB5-6C83F7140E8E}.Debug|Any CPU.Build.0 = Debug|Any CPU
		{B0DBBC2E-8B56-4871-ABB5-6C83F7140E8E}.Debug|Any CPU.Deploy.0 = Debug|Any CPU
		{B0DBBC2E-8B56-4871-ABB5-6C83F7140E8E}.Debug|ARM.ActiveCfg = Debug|Any CPU
		{B0DBBC2E-8B56-4871-ABB5-6C83F7140E8E}.Debug|ARM.Build.0 = Debug|Any CPU
		{B0DBBC2E-8B56-4871-ABB5-6C83F7140E8E}.Debug|ARM.Deploy.0 = Debug|Any CPU
		{B0DBBC2E-8B56-4871-ABB5-6C83F7140E8E}.Debug|ARM64.ActiveCfg = Debug|Any CPU
		{B0DBBC2E-8B56-4871-ABB5-6C83F7140E8E}.Debug|ARM64.Build.0 = Debug|Any CPU
		{B0DBBC2E-8B56-4871-ABB5-6C83F7140E8E}.Debug|ARM64.Deploy.0 = Debug|Any CPU
		{B0DBBC2E-8B56-4871-ABB5-6C83F7140E8E}.Debug|iPhone.ActiveCfg = Debug|Any CPU
		{B0DBBC2E-8B56-4871-ABB5-6C83F7140E8E}.Debug|iPhone.Build.0 = Debug|Any CPU
		{B0DBBC2E-8B56-4871-ABB5-6C83F7140E8E}.Debug|iPhone.Deploy.0 = Debug|Any CPU
		{B0DBBC2E-8B56-4871-ABB5-6C83F7140E8E}.Debug|iPhoneSimulator.ActiveCfg = Debug|Any CPU
		{B0DBBC2E-8B56-4871-ABB5-6C83F7140E8E}.Debug|iPhoneSimulator.Build.0 = Debug|Any CPU
		{B0DBBC2E-8B56-4871-ABB5-6C83F7140E8E}.Debug|iPhoneSimulator.Deploy.0 = Debug|Any CPU
		{B0DBBC2E-8B56-4871-ABB5-6C83F7140E8E}.Debug|x64.ActiveCfg = Debug|Any CPU
		{B0DBBC2E-8B56-4871-ABB5-6C83F7140E8E}.Debug|x64.Build.0 = Debug|Any CPU
		{B0DBBC2E-8B56-4871-ABB5-6C83F7140E8E}.Debug|x64.Deploy.0 = Debug|Any CPU
		{B0DBBC2E-8B56-4871-ABB5-6C83F7140E8E}.Debug|x86.ActiveCfg = Debug|Any CPU
		{B0DBBC2E-8B56-4871-ABB5-6C83F7140E8E}.Debug|x86.Build.0 = Debug|Any CPU
		{B0DBBC2E-8B56-4871-ABB5-6C83F7140E8E}.Debug|x86.Deploy.0 = Debug|Any CPU
		{B0DBBC2E-8B56-4871-ABB5-6C83F7140E8E}.Release|Any CPU.ActiveCfg = Release|Any CPU
		{B0DBBC2E-8B56-4871-ABB5-6C83F7140E8E}.Release|Any CPU.Build.0 = Release|Any CPU
		{B0DBBC2E-8B56-4871-ABB5-6C83F7140E8E}.Release|Any CPU.Deploy.0 = Release|Any CPU
		{B0DBBC2E-8B56-4871-ABB5-6C83F7140E8E}.Release|ARM.ActiveCfg = Release|Any CPU
		{B0DBBC2E-8B56-4871-ABB5-6C83F7140E8E}.Release|ARM.Build.0 = Release|Any CPU
		{B0DBBC2E-8B56-4871-ABB5-6C83F7140E8E}.Release|ARM.Deploy.0 = Release|Any CPU
		{B0DBBC2E-8B56-4871-ABB5-6C83F7140E8E}.Release|ARM64.ActiveCfg = Release|Any CPU
		{B0DBBC2E-8B56-4871-ABB5-6C83F7140E8E}.Release|ARM64.Build.0 = Release|Any CPU
		{B0DBBC2E-8B56-4871-ABB5-6C83F7140E8E}.Release|ARM64.Deploy.0 = Release|Any CPU
		{B0DBBC2E-8B56-4871-ABB5-6C83F7140E8E}.Release|iPhone.ActiveCfg = Release|Any CPU
		{B0DBBC2E-8B56-4871-ABB5-6C83F7140E8E}.Release|iPhone.Build.0 = Release|Any CPU
		{B0DBBC2E-8B56-4871-ABB5-6C83F7140E8E}.Release|iPhone.Deploy.0 = Release|Any CPU
		{B0DBBC2E-8B56-4871-ABB5-6C83F7140E8E}.Release|iPhoneSimulator.ActiveCfg = Release|Any CPU
		{B0DBBC2E-8B56-4871-ABB5-6C83F7140E8E}.Release|iPhoneSimulator.Build.0 = Release|Any CPU
		{B0DBBC2E-8B56-4871-ABB5-6C83F7140E8E}.Release|iPhoneSimulator.Deploy.0 = Release|Any CPU
		{B0DBBC2E-8B56-4871-ABB5-6C83F7140E8E}.Release|x64.ActiveCfg = Release|Any CPU
		{B0DBBC2E-8B56-4871-ABB5-6C83F7140E8E}.Release|x64.Build.0 = Release|Any CPU
		{B0DBBC2E-8B56-4871-ABB5-6C83F7140E8E}.Release|x64.Deploy.0 = Release|Any CPU
		{B0DBBC2E-8B56-4871-ABB5-6C83F7140E8E}.Release|x86.ActiveCfg = Release|Any CPU
		{B0DBBC2E-8B56-4871-ABB5-6C83F7140E8E}.Release|x86.Build.0 = Release|Any CPU
		{B0DBBC2E-8B56-4871-ABB5-6C83F7140E8E}.Release|x86.Deploy.0 = Release|Any CPU
		{8BC5B09B-C17B-4498-8545-C0527F163FCA}.Debug|Any CPU.ActiveCfg = Debug|Any CPU
		{8BC5B09B-C17B-4498-8545-C0527F163FCA}.Debug|Any CPU.Build.0 = Debug|Any CPU
		{8BC5B09B-C17B-4498-8545-C0527F163FCA}.Debug|ARM.ActiveCfg = Debug|Any CPU
		{8BC5B09B-C17B-4498-8545-C0527F163FCA}.Debug|ARM.Build.0 = Debug|Any CPU
		{8BC5B09B-C17B-4498-8545-C0527F163FCA}.Debug|ARM64.ActiveCfg = Debug|Any CPU
		{8BC5B09B-C17B-4498-8545-C0527F163FCA}.Debug|ARM64.Build.0 = Debug|Any CPU
		{8BC5B09B-C17B-4498-8545-C0527F163FCA}.Debug|iPhone.ActiveCfg = Debug|Any CPU
		{8BC5B09B-C17B-4498-8545-C0527F163FCA}.Debug|iPhone.Build.0 = Debug|Any CPU
		{8BC5B09B-C17B-4498-8545-C0527F163FCA}.Debug|iPhoneSimulator.ActiveCfg = Debug|Any CPU
		{8BC5B09B-C17B-4498-8545-C0527F163FCA}.Debug|iPhoneSimulator.Build.0 = Debug|Any CPU
		{8BC5B09B-C17B-4498-8545-C0527F163FCA}.Debug|x64.ActiveCfg = Debug|Any CPU
		{8BC5B09B-C17B-4498-8545-C0527F163FCA}.Debug|x64.Build.0 = Debug|Any CPU
		{8BC5B09B-C17B-4498-8545-C0527F163FCA}.Debug|x86.ActiveCfg = Debug|Any CPU
		{8BC5B09B-C17B-4498-8545-C0527F163FCA}.Debug|x86.Build.0 = Debug|Any CPU
		{8BC5B09B-C17B-4498-8545-C0527F163FCA}.Release|Any CPU.ActiveCfg = Release|Any CPU
		{8BC5B09B-C17B-4498-8545-C0527F163FCA}.Release|Any CPU.Build.0 = Release|Any CPU
		{8BC5B09B-C17B-4498-8545-C0527F163FCA}.Release|ARM.ActiveCfg = Release|Any CPU
		{8BC5B09B-C17B-4498-8545-C0527F163FCA}.Release|ARM.Build.0 = Release|Any CPU
		{8BC5B09B-C17B-4498-8545-C0527F163FCA}.Release|ARM64.ActiveCfg = Release|Any CPU
		{8BC5B09B-C17B-4498-8545-C0527F163FCA}.Release|ARM64.Build.0 = Release|Any CPU
		{8BC5B09B-C17B-4498-8545-C0527F163FCA}.Release|iPhone.ActiveCfg = Release|Any CPU
		{8BC5B09B-C17B-4498-8545-C0527F163FCA}.Release|iPhone.Build.0 = Release|Any CPU
		{8BC5B09B-C17B-4498-8545-C0527F163FCA}.Release|iPhoneSimulator.ActiveCfg = Release|Any CPU
		{8BC5B09B-C17B-4498-8545-C0527F163FCA}.Release|iPhoneSimulator.Build.0 = Release|Any CPU
		{8BC5B09B-C17B-4498-8545-C0527F163FCA}.Release|x64.ActiveCfg = Release|Any CPU
		{8BC5B09B-C17B-4498-8545-C0527F163FCA}.Release|x64.Build.0 = Release|Any CPU
		{8BC5B09B-C17B-4498-8545-C0527F163FCA}.Release|x86.ActiveCfg = Release|Any CPU
		{8BC5B09B-C17B-4498-8545-C0527F163FCA}.Release|x86.Build.0 = Release|Any CPU
		{2ECB0602-EAB1-4306-9E31-DA94C5231113}.Debug|Any CPU.ActiveCfg = Debug|Any CPU
		{2ECB0602-EAB1-4306-9E31-DA94C5231113}.Debug|Any CPU.Build.0 = Debug|Any CPU
		{2ECB0602-EAB1-4306-9E31-DA94C5231113}.Debug|ARM.ActiveCfg = Debug|Any CPU
		{2ECB0602-EAB1-4306-9E31-DA94C5231113}.Debug|ARM.Build.0 = Debug|Any CPU
		{2ECB0602-EAB1-4306-9E31-DA94C5231113}.Debug|ARM64.ActiveCfg = Debug|Any CPU
		{2ECB0602-EAB1-4306-9E31-DA94C5231113}.Debug|ARM64.Build.0 = Debug|Any CPU
		{2ECB0602-EAB1-4306-9E31-DA94C5231113}.Debug|iPhone.ActiveCfg = Debug|Any CPU
		{2ECB0602-EAB1-4306-9E31-DA94C5231113}.Debug|iPhone.Build.0 = Debug|Any CPU
		{2ECB0602-EAB1-4306-9E31-DA94C5231113}.Debug|iPhoneSimulator.ActiveCfg = Debug|Any CPU
		{2ECB0602-EAB1-4306-9E31-DA94C5231113}.Debug|iPhoneSimulator.Build.0 = Debug|Any CPU
		{2ECB0602-EAB1-4306-9E31-DA94C5231113}.Debug|x64.ActiveCfg = Debug|Any CPU
		{2ECB0602-EAB1-4306-9E31-DA94C5231113}.Debug|x64.Build.0 = Debug|Any CPU
		{2ECB0602-EAB1-4306-9E31-DA94C5231113}.Debug|x86.ActiveCfg = Debug|Any CPU
		{2ECB0602-EAB1-4306-9E31-DA94C5231113}.Debug|x86.Build.0 = Debug|Any CPU
		{2ECB0602-EAB1-4306-9E31-DA94C5231113}.Release|Any CPU.ActiveCfg = Release|Any CPU
		{2ECB0602-EAB1-4306-9E31-DA94C5231113}.Release|Any CPU.Build.0 = Release|Any CPU
		{2ECB0602-EAB1-4306-9E31-DA94C5231113}.Release|ARM.ActiveCfg = Release|Any CPU
		{2ECB0602-EAB1-4306-9E31-DA94C5231113}.Release|ARM.Build.0 = Release|Any CPU
		{2ECB0602-EAB1-4306-9E31-DA94C5231113}.Release|ARM64.ActiveCfg = Release|Any CPU
		{2ECB0602-EAB1-4306-9E31-DA94C5231113}.Release|ARM64.Build.0 = Release|Any CPU
		{2ECB0602-EAB1-4306-9E31-DA94C5231113}.Release|iPhone.ActiveCfg = Release|Any CPU
		{2ECB0602-EAB1-4306-9E31-DA94C5231113}.Release|iPhone.Build.0 = Release|Any CPU
		{2ECB0602-EAB1-4306-9E31-DA94C5231113}.Release|iPhoneSimulator.ActiveCfg = Release|Any CPU
		{2ECB0602-EAB1-4306-9E31-DA94C5231113}.Release|iPhoneSimulator.Build.0 = Release|Any CPU
		{2ECB0602-EAB1-4306-9E31-DA94C5231113}.Release|x64.ActiveCfg = Release|Any CPU
		{2ECB0602-EAB1-4306-9E31-DA94C5231113}.Release|x64.Build.0 = Release|Any CPU
		{2ECB0602-EAB1-4306-9E31-DA94C5231113}.Release|x86.ActiveCfg = Release|Any CPU
		{2ECB0602-EAB1-4306-9E31-DA94C5231113}.Release|x86.Build.0 = Release|Any CPU
		{FB38956E-10C4-4BC0-BDFC-CAB8E569F2BB}.Debug|Any CPU.ActiveCfg = Debug|Any CPU
		{FB38956E-10C4-4BC0-BDFC-CAB8E569F2BB}.Debug|Any CPU.Build.0 = Debug|Any CPU
		{FB38956E-10C4-4BC0-BDFC-CAB8E569F2BB}.Debug|ARM.ActiveCfg = Debug|Any CPU
		{FB38956E-10C4-4BC0-BDFC-CAB8E569F2BB}.Debug|ARM.Build.0 = Debug|Any CPU
		{FB38956E-10C4-4BC0-BDFC-CAB8E569F2BB}.Debug|ARM64.ActiveCfg = Debug|Any CPU
		{FB38956E-10C4-4BC0-BDFC-CAB8E569F2BB}.Debug|ARM64.Build.0 = Debug|Any CPU
		{FB38956E-10C4-4BC0-BDFC-CAB8E569F2BB}.Debug|iPhone.ActiveCfg = Debug|Any CPU
		{FB38956E-10C4-4BC0-BDFC-CAB8E569F2BB}.Debug|iPhone.Build.0 = Debug|Any CPU
		{FB38956E-10C4-4BC0-BDFC-CAB8E569F2BB}.Debug|iPhoneSimulator.ActiveCfg = Debug|Any CPU
		{FB38956E-10C4-4BC0-BDFC-CAB8E569F2BB}.Debug|iPhoneSimulator.Build.0 = Debug|Any CPU
		{FB38956E-10C4-4BC0-BDFC-CAB8E569F2BB}.Debug|x64.ActiveCfg = Debug|Any CPU
		{FB38956E-10C4-4BC0-BDFC-CAB8E569F2BB}.Debug|x64.Build.0 = Debug|Any CPU
		{FB38956E-10C4-4BC0-BDFC-CAB8E569F2BB}.Debug|x86.ActiveCfg = Debug|Any CPU
		{FB38956E-10C4-4BC0-BDFC-CAB8E569F2BB}.Debug|x86.Build.0 = Debug|Any CPU
		{FB38956E-10C4-4BC0-BDFC-CAB8E569F2BB}.Release|Any CPU.ActiveCfg = Release|Any CPU
		{FB38956E-10C4-4BC0-BDFC-CAB8E569F2BB}.Release|Any CPU.Build.0 = Release|Any CPU
		{FB38956E-10C4-4BC0-BDFC-CAB8E569F2BB}.Release|ARM.ActiveCfg = Release|Any CPU
		{FB38956E-10C4-4BC0-BDFC-CAB8E569F2BB}.Release|ARM.Build.0 = Release|Any CPU
		{FB38956E-10C4-4BC0-BDFC-CAB8E569F2BB}.Release|ARM64.ActiveCfg = Release|Any CPU
		{FB38956E-10C4-4BC0-BDFC-CAB8E569F2BB}.Release|ARM64.Build.0 = Release|Any CPU
		{FB38956E-10C4-4BC0-BDFC-CAB8E569F2BB}.Release|iPhone.ActiveCfg = Release|Any CPU
		{FB38956E-10C4-4BC0-BDFC-CAB8E569F2BB}.Release|iPhone.Build.0 = Release|Any CPU
		{FB38956E-10C4-4BC0-BDFC-CAB8E569F2BB}.Release|iPhoneSimulator.ActiveCfg = Release|Any CPU
		{FB38956E-10C4-4BC0-BDFC-CAB8E569F2BB}.Release|iPhoneSimulator.Build.0 = Release|Any CPU
		{FB38956E-10C4-4BC0-BDFC-CAB8E569F2BB}.Release|x64.ActiveCfg = Release|Any CPU
		{FB38956E-10C4-4BC0-BDFC-CAB8E569F2BB}.Release|x64.Build.0 = Release|Any CPU
		{FB38956E-10C4-4BC0-BDFC-CAB8E569F2BB}.Release|x86.ActiveCfg = Release|Any CPU
		{FB38956E-10C4-4BC0-BDFC-CAB8E569F2BB}.Release|x86.Build.0 = Release|Any CPU
		{8911D88A-AC36-4249-BC7B-1351D63B9927}.Debug|Any CPU.ActiveCfg = Debug|Any CPU
		{8911D88A-AC36-4249-BC7B-1351D63B9927}.Debug|Any CPU.Build.0 = Debug|Any CPU
		{8911D88A-AC36-4249-BC7B-1351D63B9927}.Debug|ARM.ActiveCfg = Debug|Any CPU
		{8911D88A-AC36-4249-BC7B-1351D63B9927}.Debug|ARM.Build.0 = Debug|Any CPU
		{8911D88A-AC36-4249-BC7B-1351D63B9927}.Debug|ARM64.ActiveCfg = Debug|Any CPU
		{8911D88A-AC36-4249-BC7B-1351D63B9927}.Debug|ARM64.Build.0 = Debug|Any CPU
		{8911D88A-AC36-4249-BC7B-1351D63B9927}.Debug|iPhone.ActiveCfg = Debug|Any CPU
		{8911D88A-AC36-4249-BC7B-1351D63B9927}.Debug|iPhone.Build.0 = Debug|Any CPU
		{8911D88A-AC36-4249-BC7B-1351D63B9927}.Debug|iPhoneSimulator.ActiveCfg = Debug|Any CPU
		{8911D88A-AC36-4249-BC7B-1351D63B9927}.Debug|iPhoneSimulator.Build.0 = Debug|Any CPU
		{8911D88A-AC36-4249-BC7B-1351D63B9927}.Debug|x64.ActiveCfg = Debug|Any CPU
		{8911D88A-AC36-4249-BC7B-1351D63B9927}.Debug|x64.Build.0 = Debug|Any CPU
		{8911D88A-AC36-4249-BC7B-1351D63B9927}.Debug|x86.ActiveCfg = Debug|Any CPU
		{8911D88A-AC36-4249-BC7B-1351D63B9927}.Debug|x86.Build.0 = Debug|Any CPU
		{8911D88A-AC36-4249-BC7B-1351D63B9927}.Release|Any CPU.ActiveCfg = Release|Any CPU
		{8911D88A-AC36-4249-BC7B-1351D63B9927}.Release|Any CPU.Build.0 = Release|Any CPU
		{8911D88A-AC36-4249-BC7B-1351D63B9927}.Release|ARM.ActiveCfg = Release|Any CPU
		{8911D88A-AC36-4249-BC7B-1351D63B9927}.Release|ARM.Build.0 = Release|Any CPU
		{8911D88A-AC36-4249-BC7B-1351D63B9927}.Release|ARM64.ActiveCfg = Release|Any CPU
		{8911D88A-AC36-4249-BC7B-1351D63B9927}.Release|ARM64.Build.0 = Release|Any CPU
		{8911D88A-AC36-4249-BC7B-1351D63B9927}.Release|iPhone.ActiveCfg = Release|Any CPU
		{8911D88A-AC36-4249-BC7B-1351D63B9927}.Release|iPhone.Build.0 = Release|Any CPU
		{8911D88A-AC36-4249-BC7B-1351D63B9927}.Release|iPhoneSimulator.ActiveCfg = Release|Any CPU
		{8911D88A-AC36-4249-BC7B-1351D63B9927}.Release|iPhoneSimulator.Build.0 = Release|Any CPU
		{8911D88A-AC36-4249-BC7B-1351D63B9927}.Release|x64.ActiveCfg = Release|Any CPU
		{8911D88A-AC36-4249-BC7B-1351D63B9927}.Release|x64.Build.0 = Release|Any CPU
		{8911D88A-AC36-4249-BC7B-1351D63B9927}.Release|x86.ActiveCfg = Release|Any CPU
		{8911D88A-AC36-4249-BC7B-1351D63B9927}.Release|x86.Build.0 = Release|Any CPU
		{B5781015-C081-47FD-B279-1378BD169AE0}.Debug|Any CPU.ActiveCfg = Debug|Any CPU
		{B5781015-C081-47FD-B279-1378BD169AE0}.Debug|Any CPU.Build.0 = Debug|Any CPU
		{B5781015-C081-47FD-B279-1378BD169AE0}.Debug|ARM.ActiveCfg = Debug|Any CPU
		{B5781015-C081-47FD-B279-1378BD169AE0}.Debug|ARM.Build.0 = Debug|Any CPU
		{B5781015-C081-47FD-B279-1378BD169AE0}.Debug|ARM64.ActiveCfg = Debug|Any CPU
		{B5781015-C081-47FD-B279-1378BD169AE0}.Debug|ARM64.Build.0 = Debug|Any CPU
		{B5781015-C081-47FD-B279-1378BD169AE0}.Debug|iPhone.ActiveCfg = Debug|Any CPU
		{B5781015-C081-47FD-B279-1378BD169AE0}.Debug|iPhone.Build.0 = Debug|Any CPU
		{B5781015-C081-47FD-B279-1378BD169AE0}.Debug|iPhoneSimulator.ActiveCfg = Debug|Any CPU
		{B5781015-C081-47FD-B279-1378BD169AE0}.Debug|iPhoneSimulator.Build.0 = Debug|Any CPU
		{B5781015-C081-47FD-B279-1378BD169AE0}.Debug|x64.ActiveCfg = Debug|Any CPU
		{B5781015-C081-47FD-B279-1378BD169AE0}.Debug|x64.Build.0 = Debug|Any CPU
		{B5781015-C081-47FD-B279-1378BD169AE0}.Debug|x86.ActiveCfg = Debug|Any CPU
		{B5781015-C081-47FD-B279-1378BD169AE0}.Debug|x86.Build.0 = Debug|Any CPU
		{B5781015-C081-47FD-B279-1378BD169AE0}.Release|Any CPU.ActiveCfg = Release|Any CPU
		{B5781015-C081-47FD-B279-1378BD169AE0}.Release|Any CPU.Build.0 = Release|Any CPU
		{B5781015-C081-47FD-B279-1378BD169AE0}.Release|ARM.ActiveCfg = Release|Any CPU
		{B5781015-C081-47FD-B279-1378BD169AE0}.Release|ARM.Build.0 = Release|Any CPU
		{B5781015-C081-47FD-B279-1378BD169AE0}.Release|ARM64.ActiveCfg = Release|Any CPU
		{B5781015-C081-47FD-B279-1378BD169AE0}.Release|ARM64.Build.0 = Release|Any CPU
		{B5781015-C081-47FD-B279-1378BD169AE0}.Release|iPhone.ActiveCfg = Release|Any CPU
		{B5781015-C081-47FD-B279-1378BD169AE0}.Release|iPhone.Build.0 = Release|Any CPU
		{B5781015-C081-47FD-B279-1378BD169AE0}.Release|iPhoneSimulator.ActiveCfg = Release|Any CPU
		{B5781015-C081-47FD-B279-1378BD169AE0}.Release|iPhoneSimulator.Build.0 = Release|Any CPU
		{B5781015-C081-47FD-B279-1378BD169AE0}.Release|x64.ActiveCfg = Release|Any CPU
		{B5781015-C081-47FD-B279-1378BD169AE0}.Release|x64.Build.0 = Release|Any CPU
		{B5781015-C081-47FD-B279-1378BD169AE0}.Release|x86.ActiveCfg = Release|Any CPU
		{B5781015-C081-47FD-B279-1378BD169AE0}.Release|x86.Build.0 = Release|Any CPU
		{4E9012D5-5704-47B3-9BFE-AA5B2448DEA9}.Debug|Any CPU.ActiveCfg = Debug|Any CPU
		{4E9012D5-5704-47B3-9BFE-AA5B2448DEA9}.Debug|Any CPU.Build.0 = Debug|Any CPU
		{4E9012D5-5704-47B3-9BFE-AA5B2448DEA9}.Debug|ARM.ActiveCfg = Debug|Any CPU
		{4E9012D5-5704-47B3-9BFE-AA5B2448DEA9}.Debug|ARM.Build.0 = Debug|Any CPU
		{4E9012D5-5704-47B3-9BFE-AA5B2448DEA9}.Debug|ARM64.ActiveCfg = Debug|Any CPU
		{4E9012D5-5704-47B3-9BFE-AA5B2448DEA9}.Debug|ARM64.Build.0 = Debug|Any CPU
		{4E9012D5-5704-47B3-9BFE-AA5B2448DEA9}.Debug|iPhone.ActiveCfg = Debug|Any CPU
		{4E9012D5-5704-47B3-9BFE-AA5B2448DEA9}.Debug|iPhone.Build.0 = Debug|Any CPU
		{4E9012D5-5704-47B3-9BFE-AA5B2448DEA9}.Debug|iPhoneSimulator.ActiveCfg = Debug|Any CPU
		{4E9012D5-5704-47B3-9BFE-AA5B2448DEA9}.Debug|iPhoneSimulator.Build.0 = Debug|Any CPU
		{4E9012D5-5704-47B3-9BFE-AA5B2448DEA9}.Debug|x64.ActiveCfg = Debug|Any CPU
		{4E9012D5-5704-47B3-9BFE-AA5B2448DEA9}.Debug|x64.Build.0 = Debug|Any CPU
		{4E9012D5-5704-47B3-9BFE-AA5B2448DEA9}.Debug|x86.ActiveCfg = Debug|Any CPU
		{4E9012D5-5704-47B3-9BFE-AA5B2448DEA9}.Debug|x86.Build.0 = Debug|Any CPU
		{4E9012D5-5704-47B3-9BFE-AA5B2448DEA9}.Release|Any CPU.ActiveCfg = Release|Any CPU
		{4E9012D5-5704-47B3-9BFE-AA5B2448DEA9}.Release|Any CPU.Build.0 = Release|Any CPU
		{4E9012D5-5704-47B3-9BFE-AA5B2448DEA9}.Release|ARM.ActiveCfg = Release|Any CPU
		{4E9012D5-5704-47B3-9BFE-AA5B2448DEA9}.Release|ARM.Build.0 = Release|Any CPU
		{4E9012D5-5704-47B3-9BFE-AA5B2448DEA9}.Release|ARM64.ActiveCfg = Release|Any CPU
		{4E9012D5-5704-47B3-9BFE-AA5B2448DEA9}.Release|ARM64.Build.0 = Release|Any CPU
		{4E9012D5-5704-47B3-9BFE-AA5B2448DEA9}.Release|iPhone.ActiveCfg = Release|Any CPU
		{4E9012D5-5704-47B3-9BFE-AA5B2448DEA9}.Release|iPhone.Build.0 = Release|Any CPU
		{4E9012D5-5704-47B3-9BFE-AA5B2448DEA9}.Release|iPhoneSimulator.ActiveCfg = Release|Any CPU
		{4E9012D5-5704-47B3-9BFE-AA5B2448DEA9}.Release|iPhoneSimulator.Build.0 = Release|Any CPU
		{4E9012D5-5704-47B3-9BFE-AA5B2448DEA9}.Release|x64.ActiveCfg = Release|Any CPU
		{4E9012D5-5704-47B3-9BFE-AA5B2448DEA9}.Release|x64.Build.0 = Release|Any CPU
		{4E9012D5-5704-47B3-9BFE-AA5B2448DEA9}.Release|x86.ActiveCfg = Release|Any CPU
		{4E9012D5-5704-47B3-9BFE-AA5B2448DEA9}.Release|x86.Build.0 = Release|Any CPU
		{F39ED8BD-4694-416D-8E1F-EB3A15C86417}.Debug|Any CPU.ActiveCfg = Debug|Any CPU
		{F39ED8BD-4694-416D-8E1F-EB3A15C86417}.Debug|Any CPU.Build.0 = Debug|Any CPU
		{F39ED8BD-4694-416D-8E1F-EB3A15C86417}.Debug|ARM.ActiveCfg = Debug|Any CPU
		{F39ED8BD-4694-416D-8E1F-EB3A15C86417}.Debug|ARM.Build.0 = Debug|Any CPU
		{F39ED8BD-4694-416D-8E1F-EB3A15C86417}.Debug|ARM64.ActiveCfg = Debug|Any CPU
		{F39ED8BD-4694-416D-8E1F-EB3A15C86417}.Debug|ARM64.Build.0 = Debug|Any CPU
		{F39ED8BD-4694-416D-8E1F-EB3A15C86417}.Debug|iPhone.ActiveCfg = Debug|Any CPU
		{F39ED8BD-4694-416D-8E1F-EB3A15C86417}.Debug|iPhone.Build.0 = Debug|Any CPU
		{F39ED8BD-4694-416D-8E1F-EB3A15C86417}.Debug|iPhoneSimulator.ActiveCfg = Debug|Any CPU
		{F39ED8BD-4694-416D-8E1F-EB3A15C86417}.Debug|iPhoneSimulator.Build.0 = Debug|Any CPU
		{F39ED8BD-4694-416D-8E1F-EB3A15C86417}.Debug|x64.ActiveCfg = Debug|Any CPU
		{F39ED8BD-4694-416D-8E1F-EB3A15C86417}.Debug|x64.Build.0 = Debug|Any CPU
		{F39ED8BD-4694-416D-8E1F-EB3A15C86417}.Debug|x86.ActiveCfg = Debug|Any CPU
		{F39ED8BD-4694-416D-8E1F-EB3A15C86417}.Debug|x86.Build.0 = Debug|Any CPU
		{F39ED8BD-4694-416D-8E1F-EB3A15C86417}.Release|Any CPU.ActiveCfg = Release|Any CPU
		{F39ED8BD-4694-416D-8E1F-EB3A15C86417}.Release|Any CPU.Build.0 = Release|Any CPU
		{F39ED8BD-4694-416D-8E1F-EB3A15C86417}.Release|ARM.ActiveCfg = Release|Any CPU
		{F39ED8BD-4694-416D-8E1F-EB3A15C86417}.Release|ARM.Build.0 = Release|Any CPU
		{F39ED8BD-4694-416D-8E1F-EB3A15C86417}.Release|ARM64.ActiveCfg = Release|Any CPU
		{F39ED8BD-4694-416D-8E1F-EB3A15C86417}.Release|ARM64.Build.0 = Release|Any CPU
		{F39ED8BD-4694-416D-8E1F-EB3A15C86417}.Release|iPhone.ActiveCfg = Release|Any CPU
		{F39ED8BD-4694-416D-8E1F-EB3A15C86417}.Release|iPhone.Build.0 = Release|Any CPU
		{F39ED8BD-4694-416D-8E1F-EB3A15C86417}.Release|iPhoneSimulator.ActiveCfg = Release|Any CPU
		{F39ED8BD-4694-416D-8E1F-EB3A15C86417}.Release|iPhoneSimulator.Build.0 = Release|Any CPU
		{F39ED8BD-4694-416D-8E1F-EB3A15C86417}.Release|x64.ActiveCfg = Release|Any CPU
		{F39ED8BD-4694-416D-8E1F-EB3A15C86417}.Release|x64.Build.0 = Release|Any CPU
		{F39ED8BD-4694-416D-8E1F-EB3A15C86417}.Release|x86.ActiveCfg = Release|Any CPU
		{F39ED8BD-4694-416D-8E1F-EB3A15C86417}.Release|x86.Build.0 = Release|Any CPU
		{13D1C420-7A7B-42D2-A786-6C6E6C6E7533}.Debug|Any CPU.ActiveCfg = Debug|x64
		{13D1C420-7A7B-42D2-A786-6C6E6C6E7533}.Debug|Any CPU.Build.0 = Debug|x64
		{13D1C420-7A7B-42D2-A786-6C6E6C6E7533}.Debug|Any CPU.Deploy.0 = Debug|x64
		{13D1C420-7A7B-42D2-A786-6C6E6C6E7533}.Debug|ARM.ActiveCfg = Debug|x64
		{13D1C420-7A7B-42D2-A786-6C6E6C6E7533}.Debug|ARM.Build.0 = Debug|x64
		{13D1C420-7A7B-42D2-A786-6C6E6C6E7533}.Debug|ARM.Deploy.0 = Debug|x64
		{13D1C420-7A7B-42D2-A786-6C6E6C6E7533}.Debug|ARM64.ActiveCfg = Debug|arm64
		{13D1C420-7A7B-42D2-A786-6C6E6C6E7533}.Debug|ARM64.Build.0 = Debug|arm64
		{13D1C420-7A7B-42D2-A786-6C6E6C6E7533}.Debug|ARM64.Deploy.0 = Debug|arm64
		{13D1C420-7A7B-42D2-A786-6C6E6C6E7533}.Debug|iPhone.ActiveCfg = Debug|x64
		{13D1C420-7A7B-42D2-A786-6C6E6C6E7533}.Debug|iPhone.Build.0 = Debug|x64
		{13D1C420-7A7B-42D2-A786-6C6E6C6E7533}.Debug|iPhone.Deploy.0 = Debug|x64
		{13D1C420-7A7B-42D2-A786-6C6E6C6E7533}.Debug|iPhoneSimulator.ActiveCfg = Debug|x64
		{13D1C420-7A7B-42D2-A786-6C6E6C6E7533}.Debug|iPhoneSimulator.Build.0 = Debug|x64
		{13D1C420-7A7B-42D2-A786-6C6E6C6E7533}.Debug|iPhoneSimulator.Deploy.0 = Debug|x64
		{13D1C420-7A7B-42D2-A786-6C6E6C6E7533}.Debug|x64.ActiveCfg = Debug|x64
		{13D1C420-7A7B-42D2-A786-6C6E6C6E7533}.Debug|x64.Build.0 = Debug|x64
		{13D1C420-7A7B-42D2-A786-6C6E6C6E7533}.Debug|x86.ActiveCfg = Debug|x86
		{13D1C420-7A7B-42D2-A786-6C6E6C6E7533}.Debug|x86.Build.0 = Debug|x86
		{13D1C420-7A7B-42D2-A786-6C6E6C6E7533}.Release|Any CPU.ActiveCfg = Release|x64
		{13D1C420-7A7B-42D2-A786-6C6E6C6E7533}.Release|Any CPU.Build.0 = Release|x64
		{13D1C420-7A7B-42D2-A786-6C6E6C6E7533}.Release|Any CPU.Deploy.0 = Release|x64
		{13D1C420-7A7B-42D2-A786-6C6E6C6E7533}.Release|ARM.ActiveCfg = Release|x64
		{13D1C420-7A7B-42D2-A786-6C6E6C6E7533}.Release|ARM.Build.0 = Release|x64
		{13D1C420-7A7B-42D2-A786-6C6E6C6E7533}.Release|ARM64.ActiveCfg = Release|arm64
		{13D1C420-7A7B-42D2-A786-6C6E6C6E7533}.Release|ARM64.Build.0 = Release|arm64
		{13D1C420-7A7B-42D2-A786-6C6E6C6E7533}.Release|iPhone.ActiveCfg = Release|x64
		{13D1C420-7A7B-42D2-A786-6C6E6C6E7533}.Release|iPhone.Build.0 = Release|x64
		{13D1C420-7A7B-42D2-A786-6C6E6C6E7533}.Release|iPhoneSimulator.ActiveCfg = Release|x64
		{13D1C420-7A7B-42D2-A786-6C6E6C6E7533}.Release|iPhoneSimulator.Build.0 = Release|x64
		{13D1C420-7A7B-42D2-A786-6C6E6C6E7533}.Release|x64.ActiveCfg = Release|x64
		{13D1C420-7A7B-42D2-A786-6C6E6C6E7533}.Release|x64.Build.0 = Release|x64
		{13D1C420-7A7B-42D2-A786-6C6E6C6E7533}.Release|x86.ActiveCfg = Release|x86
		{13D1C420-7A7B-42D2-A786-6C6E6C6E7533}.Release|x86.Build.0 = Release|x86
	EndGlobalSection
	GlobalSection(SolutionProperties) = preSolution
		HideSolutionNode = FALSE
	EndGlobalSection
	GlobalSection(NestedProjects) = preSolution
		{B5781015-C081-47FD-B279-1378BD169AE0} = {4902FF03-CC66-46E5-A784-B21CDFEDAD13}
		{2189102C-8698-4760-A2C5-ADED686F84E2} = {8B8E41D4-4738-49A9-8271-CA6B8D08C8DE}
		{8911D88A-AC36-4249-BC7B-1351D63B9927} = {4902FF03-CC66-46E5-A784-B21CDFEDAD13}
		{8B8E41D4-4738-49A9-8271-CA6B8D08C8DE} = {4902FF03-CC66-46E5-A784-B21CDFEDAD13}
		{1E310D20-82BB-40C8-A7EC-CA05D4CB9AD5} = {4902FF03-CC66-46E5-A784-B21CDFEDAD13}
		{B0DBBC2E-8B56-4871-ABB5-6C83F7140E8E} = {8B8E41D4-4738-49A9-8271-CA6B8D08C8DE}
		{8BC5B09B-C17B-4498-8545-C0527F163FCA} = {8B8E41D4-4738-49A9-8271-CA6B8D08C8DE}
		{2ECB0602-EAB1-4306-9E31-DA94C5231113} = {8B8E41D4-4738-49A9-8271-CA6B8D08C8DE}
		{13D1C420-7A7B-42D2-A786-6C6E6C6E7533} = {8B8E41D4-4738-49A9-8271-CA6B8D08C8DE}
		{FB38956E-10C4-4BC0-BDFC-CAB8E569F2BB} = {1E310D20-82BB-40C8-A7EC-CA05D4CB9AD5}
		{4E9012D5-5704-47B3-9BFE-AA5B2448DEA9} = {6428347F-507C-434D-807B-09B8380740D8}
		{F39ED8BD-4694-416D-8E1F-EB3A15C86417} = {6428347F-507C-434D-807B-09B8380740D8}
	EndGlobalSection
	GlobalSection(ExtensibilityGlobals) = postSolution
		SolutionGuid = {3A9E922D-6C37-4B00-BD44-1A84551CD7AF}
	EndGlobalSection
EndGlobal
